
Microsoft Visual Studio Solution File, Format Version 12.00
# Visual Studio 2013
VisualStudioVersion = 12.0.30501.0
MinimumVisualStudioVersion = 10.0.40219.1
Project("{FAE04EC0-301F-11D3-BF4B-00C04F79EFBC}") = "NClirr.Core", "NClirr.Core\NClirr.Core.csproj", "{0F789C5A-94FF-457B-9A33-33D855ACCAED}"
EndProject
Project("{FAE04EC0-301F-11D3-BF4B-00C04F79EFBC}") = "NClirr.Cli", "NClirr.Cli\NClirr.Cli.csproj", "{AA9BA676-3780-450A-BCC4-4109468856C8}"
EndProject
Global
	GlobalSection(SolutionConfigurationPlatforms) = preSolution
		Debug|Any CPU = Debug|Any CPU
		Release|Any CPU = Release|Any CPU
	EndGlobalSection
	GlobalSection(ProjectConfigurationPlatforms) = postSolution
		{0F789C5A-94FF-457B-9A33-33D855ACCAED}.Debug|Any CPU.ActiveCfg = Debug|Any CPU
		{0F789C5A-94FF-457B-9A33-33D855ACCAED}.Debug|Any CPU.Build.0 = Debug|Any CPU
		{0F789C5A-94FF-457B-9A33-33D855ACCAED}.Release|Any CPU.ActiveCfg = Release|Any CPU
		{0F789C5A-94FF-457B-9A33-33D855ACCAED}.Release|Any CPU.Build.0 = Release|Any CPU
		{AA9BA676-3780-450A-BCC4-4109468856C8}.Debug|Any CPU.ActiveCfg = Debug|Any CPU
		{AA9BA676-3780-450A-BCC4-4109468856C8}.Debug|Any CPU.Build.0 = Debug|Any CPU
		{AA9BA676-3780-450A-BCC4-4109468856C8}.Release|Any CPU.ActiveCfg = Release|Any CPU
		{AA9BA676-3780-450A-BCC4-4109468856C8}.Release|Any CPU.Build.0 = Release|Any CPU
	EndGlobalSection
	GlobalSection(SolutionProperties) = preSolution
		HideSolutionNode = FALSE
	EndGlobalSection
EndGlobal
